
Microsoft Visual Studio Solution File, Format Version 12.00
# Visual Studio Version 17
VisualStudioVersion = 17.7.34031.279
MinimumVisualStudioVersion = 10.0.40219.1
Project("{9A19103F-16F7-4668-BE54-9A1E7A4F7556}") = "ProductsWebAPI.Tests", "..\ProductsWebAPI.Tests\ProductsWebAPI.Tests.csproj", "{D5704CD8-F750-478C-A533-BCF01B19DDF1}"
EndProject
Project("{9A19103F-16F7-4668-BE54-9A1E7A4F7556}") = "ProductsWebAPI", "ProductsWebAPI\ProductsWebAPI.csproj", "{612822FE-528E-44A8-97C2-2C0B99502442}"
EndProject
Global
	GlobalSection(SolutionConfigurationPlatforms) = preSolution
		Debug|Any CPU = Debug|Any CPU
		Release|Any CPU = Release|Any CPU
	EndGlobalSection
	GlobalSection(ProjectConfigurationPlatforms) = postSolution
		{D5704CD8-F750-478C-A533-BCF01B19DDF1}.Debug|Any CPU.ActiveCfg = Debug|Any CPU
		{D5704CD8-F750-478C-A533-BCF01B19DDF1}.Debug|Any CPU.Build.0 = Debug|Any CPU
		{D5704CD8-F750-478C-A533-BCF01B19DDF1}.Release|Any CPU.ActiveCfg = Release|Any CPU
		{D5704CD8-F750-478C-A533-BCF01B19DDF1}.Release|Any CPU.Build.0 = Release|Any CPU
		{612822FE-528E-44A8-97C2-2C0B99502442}.Debug|Any CPU.ActiveCfg = Debug|Any CPU
		{612822FE-528E-44A8-97C2-2C0B99502442}.Debug|Any CPU.Build.0 = Debug|Any CPU
		{612822FE-528E-44A8-97C2-2C0B99502442}.Release|Any CPU.ActiveCfg = Release|Any CPU
		{612822FE-528E-44A8-97C2-2C0B99502442}.Release|Any CPU.Build.0 = Release|Any CPU
	EndGlobalSection
	GlobalSection(SolutionProperties) = preSolution
		HideSolutionNode = FALSE
	EndGlobalSection
	GlobalSection(ExtensibilityGlobals) = postSolution
		SolutionGuid = {AAF27831-C462-427E-80C0-FFF8004DC302}
	EndGlobalSection
EndGlobal
